
Microsoft Visual Studio Solution File, Format Version 12.00
# Visual Studio Version 17
VisualStudioVersion = 17.14.36109.1 d17.14
MinimumVisualStudioVersion = 10.0.40219.1
Project("{FAE04EC0-301F-11D3-BF4B-00C04F79EFBC}") = "Calculator", "Calculator\Calculator.csproj", "{17B3A737-9F46-4F80-A058-F77FF8E8E811}"
EndProject
Global
	GlobalSection(SolutionConfigurationPlatforms) = preSolution
		Debug|Any CPU = Debug|Any CPU
		Release|Any CPU = Release|Any CPU
	EndGlobalSection
	GlobalSection(ProjectConfigurationPlatforms) = postSolution
		{17B3A737-9F46-4F80-A058-F77FF8E8E811}.Debug|Any CPU.ActiveCfg = Debug|Any CPU
		{17B3A737-9F46-4F80-A058-F77FF8E8E811}.Debug|Any CPU.Build.0 = Debug|Any CPU
		{17B3A737-9F46-4F80-A058-F77FF8E8E811}.Release|Any CPU.ActiveCfg = Release|Any CPU
		{17B3A737-9F46-4F80-A058-F77FF8E8E811}.Release|Any CPU.Build.0 = Release|Any CPU
	EndGlobalSection
	GlobalSection(SolutionProperties) = preSolution
		HideSolutionNode = FALSE
	EndGlobalSection
	GlobalSection(ExtensibilityGlobals) = postSolution
		SolutionGuid = {C086C766-6484-489E-A362-4E76853EA0FD}
	EndGlobalSection
EndGlobal
